
Microsoft Visual Studio Solution File, Format Version 12.00
Project("{FAE04EC0-301F-11D3-BF4B-00C04F79EFBC}") = "correl-backend", "correl-backend\correl-backend.csproj", "{B7335F8E-1760-4EF5-954B-CD07A9D2B2DF}"
EndProject
Global
	GlobalSection(SolutionConfigurationPlatforms) = preSolution
		Debug|Any CPU = Debug|Any CPU
		Release|Any CPU = Release|Any CPU
	EndGlobalSection
	GlobalSection(ProjectConfigurationPlatforms) = postSolution
		{B7335F8E-1760-4EF5-954B-CD07A9D2B2DF}.Debug|Any CPU.ActiveCfg = Debug|Any CPU
		{B7335F8E-1760-4EF5-954B-CD07A9D2B2DF}.Debug|Any CPU.Build.0 = Debug|Any CPU
		{B7335F8E-1760-4EF5-954B-CD07A9D2B2DF}.Release|Any CPU.ActiveCfg = Release|Any CPU
		{B7335F8E-1760-4EF5-954B-CD07A9D2B2DF}.Release|Any CPU.Build.0 = Release|Any CPU
	EndGlobalSection
EndGlobal
